
Microsoft Visual Studio Solution File, Format Version 12.00
# Visual Studio 15
VisualStudioVersion = 15.0.28307.421
MinimumVisualStudioVersion = 10.0.40219.1
Project("{FAE04EC0-301F-11D3-BF4B-00C04F79EFBC}") = "ConsoleApp2", "ConsoleApp2\ConsoleApp2.csproj", "{2AF9530C-1546-4607-B036-A679D9316621}"
EndProject
Project("{FAE04EC0-301F-11D3-BF4B-00C04F79EFBC}") = "DataAccessObject", "DataAccessObject\DataAccessObject.csproj", "{23461CDA-064A-486D-B4C8-65100BD9DBCD}"
EndProject
Global
	GlobalSection(SolutionConfigurationPlatforms) = preSolution
		Debug|Any CPU = Debug|Any CPU
		Release|Any CPU = Release|Any CPU
	EndGlobalSection
	GlobalSection(ProjectConfigurationPlatforms) = postSolution
		{2AF9530C-1546-4607-B036-A679D9316621}.Debug|Any CPU.ActiveCfg = Debug|Any CPU
		{2AF9530C-1546-4607-B036-A679D9316621}.Debug|Any CPU.Build.0 = Debug|Any CPU
		{2AF9530C-1546-4607-B036-A679D9316621}.Release|Any CPU.ActiveCfg = Release|Any CPU
		{2AF9530C-1546-4607-B036-A679D9316621}.Release|Any CPU.Build.0 = Release|Any CPU
		{23461CDA-064A-486D-B4C8-65100BD9DBCD}.Debug|Any CPU.ActiveCfg = Debug|Any CPU
		{23461CDA-064A-486D-B4C8-65100BD9DBCD}.Debug|Any CPU.Build.0 = Debug|Any CPU
		{23461CDA-064A-486D-B4C8-65100BD9DBCD}.Release|Any CPU.ActiveCfg = Release|Any CPU
		{23461CDA-064A-486D-B4C8-65100BD9DBCD}.Release|Any CPU.Build.0 = Release|Any CPU
	EndGlobalSection
	GlobalSection(SolutionProperties) = preSolution
		HideSolutionNode = FALSE
	EndGlobalSection
	GlobalSection(ExtensibilityGlobals) = postSolution
		SolutionGuid = {89848D1B-6E5B-4229-99EA-E125893328F2}
	EndGlobalSection
EndGlobal
